
Microsoft Visual Studio Solution File, Format Version 12.00
# Visual Studio Version 17
VisualStudioVersion = 17.7.34003.232
MinimumVisualStudioVersion = 10.0.40219.1
Project("{9A19103F-16F7-4668-BE54-9A1E7A4F7556}") = "HMS.API", "HMS.API\HMS.API.csproj", "{94269197-3D88-4D4A-B26F-745EC594E939}"
EndProject
Project("{9A19103F-16F7-4668-BE54-9A1E7A4F7556}") = "HMS.Infrastructure", "HMS.Infrastructure\HMS.Infrastructure.csproj", "{C762A01A-EF94-4D86-9ED0-1BB32AB3485D}"
EndProject
Project("{FAE04EC0-301F-11D3-BF4B-00C04F79EFBC}") = "HMS.Web", "HMS.Web\HMS.Web.csproj", "{0A0EED19-2C7A-4A48-8B6D-2816E1E35946}"
EndProject
Global
	GlobalSection(SolutionConfigurationPlatforms) = preSolution
		Debug|Any CPU = Debug|Any CPU
		Release|Any CPU = Release|Any CPU
	EndGlobalSection
	GlobalSection(ProjectConfigurationPlatforms) = postSolution
		{94269197-3D88-4D4A-B26F-745EC594E939}.Debug|Any CPU.ActiveCfg = Debug|Any CPU
		{94269197-3D88-4D4A-B26F-745EC594E939}.Debug|Any CPU.Build.0 = Debug|Any CPU
		{94269197-3D88-4D4A-B26F-745EC594E939}.Release|Any CPU.ActiveCfg = Release|Any CPU
		{94269197-3D88-4D4A-B26F-745EC594E939}.Release|Any CPU.Build.0 = Release|Any CPU
		{C762A01A-EF94-4D86-9ED0-1BB32AB3485D}.Debug|Any CPU.ActiveCfg = Debug|Any CPU
		{C762A01A-EF94-4D86-9ED0-1BB32AB3485D}.Debug|Any CPU.Build.0 = Debug|Any CPU
		{C762A01A-EF94-4D86-9ED0-1BB32AB3485D}.Release|Any CPU.ActiveCfg = Release|Any CPU
		{C762A01A-EF94-4D86-9ED0-1BB32AB3485D}.Release|Any CPU.Build.0 = Release|Any CPU
		{0A0EED19-2C7A-4A48-8B6D-2816E1E35946}.Debug|Any CPU.ActiveCfg = Debug|Any CPU
		{0A0EED19-2C7A-4A48-8B6D-2816E1E35946}.Debug|Any CPU.Build.0 = Debug|Any CPU
		{0A0EED19-2C7A-4A48-8B6D-2816E1E35946}.Release|Any CPU.ActiveCfg = Release|Any CPU
		{0A0EED19-2C7A-4A48-8B6D-2816E1E35946}.Release|Any CPU.Build.0 = Release|Any CPU
	EndGlobalSection
	GlobalSection(SolutionProperties) = preSolution
		HideSolutionNode = FALSE
	EndGlobalSection
	GlobalSection(ExtensibilityGlobals) = postSolution
		SolutionGuid = {3D13526A-526E-43F9-9A12-E10319EB42D9}
	EndGlobalSection
EndGlobal
